
Microsoft Visual Studio Solution File, Format Version 12.00
# Visual Studio Version 16
VisualStudioVersion = 16.0.30711.63
MinimumVisualStudioVersion = 10.0.40219.1
Project("{FAE04EC0-301F-11D3-BF4B-00C04F79EFBC}") = "ConsoleApp1", "ConsoleApp1\ConsoleApp1.csproj", "{540ABC4B-C2F1-4D0B-B62D-9FDFB04A65CB}"
EndProject
Global
	GlobalSection(SolutionConfigurationPlatforms) = preSolution
		Debug|Any CPU = Debug|Any CPU
		Release|Any CPU = Release|Any CPU
	EndGlobalSection
	GlobalSection(ProjectConfigurationPlatforms) = postSolution
		{540ABC4B-C2F1-4D0B-B62D-9FDFB04A65CB}.Debug|Any CPU.ActiveCfg = Debug|Any CPU
		{540ABC4B-C2F1-4D0B-B62D-9FDFB04A65CB}.Debug|Any CPU.Build.0 = Debug|Any CPU
		{540ABC4B-C2F1-4D0B-B62D-9FDFB04A65CB}.Release|Any CPU.ActiveCfg = Release|Any CPU
		{540ABC4B-C2F1-4D0B-B62D-9FDFB04A65CB}.Release|Any CPU.Build.0 = Release|Any CPU
	EndGlobalSection
	GlobalSection(SolutionProperties) = preSolution
		HideSolutionNode = FALSE
	EndGlobalSection
	GlobalSection(ExtensibilityGlobals) = postSolution
		SolutionGuid = {47F9F1C5-B9E2-4F1A-AA28-166DC5D83FFB}
	EndGlobalSection
EndGlobal
